
Microsoft Visual Studio Solution File, Format Version 12.00
# Visual Studio Version 17
VisualStudioVersion = 17.7.34031.279
MinimumVisualStudioVersion = 10.0.40219.1
Project("{FAE04EC0-301F-11D3-BF4B-00C04F79EFBC}") = "ConsoleApp2", "ConsoleApp2\ConsoleApp2.csproj", "{0DE8596A-68EC-4646-A42E-C308C89E68EA}"
EndProject
Global
	GlobalSection(SolutionConfigurationPlatforms) = preSolution
		Debug|Any CPU = Debug|Any CPU
		Release|Any CPU = Release|Any CPU
	EndGlobalSection
	GlobalSection(ProjectConfigurationPlatforms) = postSolution
		{0DE8596A-68EC-4646-A42E-C308C89E68EA}.Debug|Any CPU.ActiveCfg = Debug|Any CPU
		{0DE8596A-68EC-4646-A42E-C308C89E68EA}.Debug|Any CPU.Build.0 = Debug|Any CPU
		{0DE8596A-68EC-4646-A42E-C308C89E68EA}.Release|Any CPU.ActiveCfg = Release|Any CPU
		{0DE8596A-68EC-4646-A42E-C308C89E68EA}.Release|Any CPU.Build.0 = Release|Any CPU
	EndGlobalSection
	GlobalSection(SolutionProperties) = preSolution
		HideSolutionNode = FALSE
	EndGlobalSection
	GlobalSection(ExtensibilityGlobals) = postSolution
		SolutionGuid = {5618D5C8-F88E-4545-B4CE-66E3FBD0A084}
	EndGlobalSection
EndGlobal
